
Microsoft Visual Studio Solution File, Format Version 12.00
# Visual Studio 14
VisualStudioVersion = 14.0.25123.0
MinimumVisualStudioVersion = 10.0.40219.1
Project("{8050F061-16F2-41D6-9985-B8F55B41F958}") = "Sitecore.Support.234193", "Sitecore.Support.234193\Sitecore.Support.234193.csproj", "{E4CBF02E-4C26-4E9B-A8AD-59BBB41E44E0}"
EndProject
Global
	GlobalSection(SolutionConfigurationPlatforms) = preSolution
		Debug|Any CPU = Debug|Any CPU
		Release|Any CPU = Release|Any CPU
	EndGlobalSection
	GlobalSection(ProjectConfigurationPlatforms) = postSolution
		{E4CBF02E-4C26-4E9B-A8AD-59BBB41E44E0}.Debug|Any CPU.ActiveCfg = Debug|Any CPU
		{E4CBF02E-4C26-4E9B-A8AD-59BBB41E44E0}.Debug|Any CPU.Build.0 = Debug|Any CPU
		{E4CBF02E-4C26-4E9B-A8AD-59BBB41E44E0}.Release|Any CPU.ActiveCfg = Release|Any CPU
		{E4CBF02E-4C26-4E9B-A8AD-59BBB41E44E0}.Release|Any CPU.Build.0 = Release|Any CPU
	EndGlobalSection
	GlobalSection(SolutionProperties) = preSolution
		HideSolutionNode = FALSE
	EndGlobalSection
EndGlobal
